lockfileVersion: '6.0'

settings:
  autoInstallPeers: true
  excludeLinksFromLockfile: false

dependencies:
  lit:
    specifier: ^3.1.2
    version: 3.1.2
  motion:
    specifier: ^10.17.0
    version: 10.17.0

devDependencies:
  prettier:
    specifier: 3.2.5
    version: 3.2.5
  typescript:
    specifier: 5.4.4
    version: 5.4.4

packages:

  /@lit-labs/ssr-dom-shim@1.2.0:
    resolution: {integrity: sha512-yWJKmpGE6lUURKAaIltoPIE/wrbY3TEkqQt+X0m+7fQNnAv0keydnYvbiJFP1PnMhizmIWRWOG5KLhYyc/xl+g==}
    dev: false

  /@lit/reactive-element@2.0.4:
    resolution: {integrity: sha512-GFn91inaUa2oHLak8awSIigYz0cU0Payr1rcFsrkf5OJ5eSPxElyZfKh0f2p9FsTiZWXQdWGJeXZICEfXXYSXQ==}
    dependencies:
      '@lit-labs/ssr-dom-shim': 1.2.0
    dev: false

  /@motionone/animation@10.17.0:
    resolution: {integrity: sha512-ANfIN9+iq1kGgsZxs+Nz96uiNcPLGTXwfNo2Xz/fcJXniPYpaz/Uyrfa+7I5BPLxCP82sh7quVDudf1GABqHbg==}
    dependencies:
      '@motionone/easing': 10.17.0
      '@motionone/types': 10.17.0
      '@motionone/utils': 10.17.0
      tslib: 2.6.2
    dev: false

  /@motionone/dom@10.17.0:
    resolution: {integrity: sha512-cMm33swRlCX/qOPHWGbIlCl0K9Uwi6X5RiL8Ma6OrlJ/TP7Q+Np5GE4xcZkFptysFjMTi4zcZzpnNQGQ5D6M0Q==}
    dependencies:
      '@motionone/animation': 10.17.0
      '@motionone/generators': 10.17.0
      '@motionone/types': 10.17.0
      '@motionone/utils': 10.17.0
      hey-listen: 1.0.8
      tslib: 2.6.2
    dev: false

  /@motionone/easing@10.17.0:
    resolution: {integrity: sha512-Bxe2wSuLu/qxqW4rBFS5m9tMLOw+QBh8v5A7Z5k4Ul4sTj5jAOfZG5R0bn5ywmk+Fs92Ij1feZ5pmC4TeXA8Tg==}
    dependencies:
      '@motionone/utils': 10.17.0
      tslib: 2.6.2
    dev: false

  /@motionone/generators@10.17.0:
    resolution: {integrity: sha512-T6Uo5bDHrZWhIfxG/2Aut7qyWQyJIWehk6OB4qNvr/jwA/SRmixwbd7SOrxZi1z5rH3LIeFFBKK1xHnSbGPZSQ==}
    dependencies:
      '@motionone/types': 10.17.0
      '@motionone/utils': 10.17.0
      tslib: 2.6.2
    dev: false

  /@motionone/types@10.17.0:
    resolution: {integrity: sha512-EgeeqOZVdRUTEHq95Z3t8Rsirc7chN5xFAPMYFobx8TPubkEfRSm5xihmMUkbaR2ErKJTUw3347QDPTHIW12IA==}
    dev: false

  /@motionone/utils@10.17.0:
    resolution: {integrity: sha512-bGwrki4896apMWIj9yp5rAS2m0xyhxblg6gTB/leWDPt+pb410W8lYWsxyurX+DH+gO1zsQsfx2su/c1/LtTpg==}
    dependencies:
      '@motionone/types': 10.17.0
      hey-listen: 1.0.8
      tslib: 2.6.2
    dev: false

  /@types/trusted-types@2.0.7:
    resolution: {integrity: sha512-ScaPdn1dQczgbl0QFTeTOmVHFULt394XJgOQNoyVhZ6r2vLnMLJfBPd53SB52T/3G36VI1/g2MZaX0cwDuXsfw==}
    dev: false

  /hey-listen@1.0.8:
    resolution: {integrity: sha512-COpmrF2NOg4TBWUJ5UVyaCU2A88wEMkUPK4hNqyCkqHbxT92BbvfjoSozkAIIm6XhicGlJHhFdullInrdhwU8Q==}
    dev: false

  /lit-element@4.0.4:
    resolution: {integrity: sha512-98CvgulX6eCPs6TyAIQoJZBCQPo80rgXR+dVBs61cstJXqtI+USQZAbA4gFHh6L/mxBx9MrgPLHLsUgDUHAcCQ==}
    dependencies:
      '@lit-labs/ssr-dom-shim': 1.2.0
      '@lit/reactive-element': 2.0.4
      lit-html: 3.1.2
    dev: false

  /lit-html@3.1.2:
    resolution: {integrity: sha512-3OBZSUrPnAHoKJ9AMjRL/m01YJxQMf+TMHanNtTHG68ubjnZxK0RFl102DPzsw4mWnHibfZIBJm3LWCZ/LmMvg==}
    dependencies:
      '@types/trusted-types': 2.0.7
    dev: false

  /lit@3.1.2:
    resolution: {integrity: sha512-VZx5iAyMtX7CV4K8iTLdCkMaYZ7ipjJZ0JcSdJ0zIdGxxyurjIn7yuuSxNBD7QmjvcNJwr0JS4cAdAtsy7gZ6w==}
    dependencies:
      '@lit/reactive-element': 2.0.4
      lit-element: 4.0.4
      lit-html: 3.1.2
    dev: false

  /motion@10.17.0:
    resolution: {integrity: sha512-yBHYkrnJRiomuo88YQzG/v+nzFXKNlKw/Hh7uy8AV7nrYHnE07O6PEECShGbFmZvLrAOGc9qKzEDYmspDYjNWw==}
    dependencies:
      '@motionone/animation': 10.17.0
      '@motionone/dom': 10.17.0
      '@motionone/types': 10.17.0
      '@motionone/utils': 10.17.0
    dev: false

  /prettier@3.2.5:
    resolution: {integrity: sha512-3/GWa9aOC0YeD7LUfvOG2NiDyhOWRvt1k+rcKhOuYnMY24iiCphgneUfJDyFXd6rZCAnuLBv6UeAULtrhT/F4A==}
    engines: {node: '>=14'}
    hasBin: true
    dev: true

  /tslib@2.6.2:
    resolution: {integrity: sha512-AEYxH93jGFPn/a2iVAwW87VuUIkR1FVUKB77NwMF7nBTDkDrrT/Hpt/IrCJ0QXhW27jTBDcf5ZY7w6RiqTMw2Q==}
    dev: false

  /typescript@5.4.4:
    resolution: {integrity: sha512-dGE2Vv8cpVvw28v8HCPqyb08EzbBURxDpuhJvTrusShUfGnhHBafDsLdS1EhhxyL6BJQE+2cT3dDPAv+MQ6oLw==}
    engines: {node: '>=14.17'}
    hasBin: true
    dev: true
