lockfileVersion: '9.0'

settings:
  autoInstallPeers: true
  excludeLinksFromLockfile: false

importers:

  .:
    dependencies:
      lit:
        specifier: ^3.1.2
        version: 3.1.4
      motion:
        specifier: ^10.17.0
        version: 10.18.0
    devDependencies:
      prettier:
        specifier: 3.3.2
        version: 3.3.2
      typescript:
        specifier: 5.5.3
        version: 5.5.3

packages:

  '@lit-labs/ssr-dom-shim@1.2.0':
    resolution: {integrity: sha512-yWJKmpGE6lUURKAaIltoPIE/wrbY3TEkqQt+X0m+7fQNnAv0keydnYvbiJFP1PnMhizmIWRWOG5KLhYyc/xl+g==}

  '@lit/reactive-element@2.0.4':
    resolution: {integrity: sha512-GFn91inaUa2oHLak8awSIigYz0cU0Payr1rcFsrkf5OJ5eSPxElyZfKh0f2p9FsTiZWXQdWGJeXZICEfXXYSXQ==}

  '@motionone/animation@10.18.0':
    resolution: {integrity: sha512-9z2p5GFGCm0gBsZbi8rVMOAJCtw1WqBTIPw3ozk06gDvZInBPIsQcHgYogEJ4yuHJ+akuW8g1SEIOpTOvYs8hw==}

  '@motionone/dom@10.18.0':
    resolution: {integrity: sha512-bKLP7E0eyO4B2UaHBBN55tnppwRnaE3KFfh3Ps9HhnAkar3Cb69kUCJY9as8LrccVYKgHA+JY5dOQqJLOPhF5A==}

  '@motionone/easing@10.18.0':
    resolution: {integrity: sha512-VcjByo7XpdLS4o9T8t99JtgxkdMcNWD3yHU/n6CLEz3bkmKDRZyYQ/wmSf6daum8ZXqfUAgFeCZSpJZIMxaCzg==}

  '@motionone/generators@10.18.0':
    resolution: {integrity: sha512-+qfkC2DtkDj4tHPu+AFKVfR/C30O1vYdvsGYaR13W/1cczPrrcjdvYCj0VLFuRMN+lP1xvpNZHCRNM4fBzn1jg==}

  '@motionone/types@10.17.1':
    resolution: {integrity: sha512-KaC4kgiODDz8hswCrS0btrVrzyU2CSQKO7Ps90ibBVSQmjkrt2teqta6/sOG59v7+dPnKMAg13jyqtMKV2yJ7A==}

  '@motionone/utils@10.18.0':
    resolution: {integrity: sha512-3XVF7sgyTSI2KWvTf6uLlBJ5iAgRgmvp3bpuOiQJvInd4nZ19ET8lX5unn30SlmRH7hXbBbH+Gxd0m0klJ3Xtw==}

  '@types/trusted-types@2.0.7':
    resolution: {integrity: sha512-ScaPdn1dQczgbl0QFTeTOmVHFULt394XJgOQNoyVhZ6r2vLnMLJfBPd53SB52T/3G36VI1/g2MZaX0cwDuXsfw==}

  hey-listen@1.0.8:
    resolution: {integrity: sha512-COpmrF2NOg4TBWUJ5UVyaCU2A88wEMkUPK4hNqyCkqHbxT92BbvfjoSozkAIIm6XhicGlJHhFdullInrdhwU8Q==}

  lit-element@4.0.6:
    resolution: {integrity: sha512-U4sdJ3CSQip7sLGZ/uJskO5hGiqtlpxndsLr6mt3IQIjheg93UKYeGQjWMRql1s/cXNOaRrCzC2FQwjIwSUqkg==}

  lit-html@3.1.4:
    resolution: {integrity: sha512-yKKO2uVv7zYFHlWMfZmqc+4hkmSbFp8jgjdZY9vvR9jr4J8fH6FUMXhr+ljfELgmjpvlF7Z1SJ5n5/Jeqtc9YA==}

  lit@3.1.4:
    resolution: {integrity: sha512-q6qKnKXHy2g1kjBaNfcoLlgbI3+aSOZ9Q4tiGa9bGYXq5RBXxkVTqTIVmP2VWMp29L4GyvCFm8ZQ2o56eUAMyA==}

  motion@10.18.0:
    resolution: {integrity: sha512-MVAZZmwM/cp77BrNe1TxTMldxRPjwBNHheU5aPToqT4rJdZxLiADk58H+a0al5jKLxkB0OdgNq6DiVn11cjvIQ==}

  prettier@3.3.2:
    resolution: {integrity: sha512-rAVeHYMcv8ATV5d508CFdn+8/pHPpXeIid1DdrPwXnaAdH7cqjVbpJaT5eq4yRAFU/lsbwYwSF/n5iNrdJHPQA==}
    engines: {node: '>=14'}
    hasBin: true

  tslib@2.6.3:
    resolution: {integrity: sha512-xNvxJEOUiWPGhUuUdQgAJPKOOJfGnIyKySOc09XkKsgdUV/3E2zvwZYdejjmRgPCgcym1juLH3226yA7sEFJKQ==}

  typescript@5.5.3:
    resolution: {integrity: sha512-/hreyEujaB0w76zKo6717l3L0o/qEUtRgdvUBvlkhoWeOVMjMuHNHk0BRBzikzuGDqNmPQbg5ifMEqsHLiIUcQ==}
    engines: {node: '>=14.17'}
    hasBin: true

snapshots:

  '@lit-labs/ssr-dom-shim@1.2.0': {}

  '@lit/reactive-element@2.0.4':
    dependencies:
      '@lit-labs/ssr-dom-shim': 1.2.0

  '@motionone/animation@10.18.0':
    dependencies:
      '@motionone/easing': 10.18.0
      '@motionone/types': 10.17.1
      '@motionone/utils': 10.18.0
      tslib: 2.6.3

  '@motionone/dom@10.18.0':
    dependencies:
      '@motionone/animation': 10.18.0
      '@motionone/generators': 10.18.0
      '@motionone/types': 10.17.1
      '@motionone/utils': 10.18.0
      hey-listen: 1.0.8
      tslib: 2.6.3

  '@motionone/easing@10.18.0':
    dependencies:
      '@motionone/utils': 10.18.0
      tslib: 2.6.3

  '@motionone/generators@10.18.0':
    dependencies:
      '@motionone/types': 10.17.1
      '@motionone/utils': 10.18.0
      tslib: 2.6.3

  '@motionone/types@10.17.1': {}

  '@motionone/utils@10.18.0':
    dependencies:
      '@motionone/types': 10.17.1
      hey-listen: 1.0.8
      tslib: 2.6.3

  '@types/trusted-types@2.0.7': {}

  hey-listen@1.0.8: {}

  lit-element@4.0.6:
    dependencies:
      '@lit-labs/ssr-dom-shim': 1.2.0
      '@lit/reactive-element': 2.0.4
      lit-html: 3.1.4

  lit-html@3.1.4:
    dependencies:
      '@types/trusted-types': 2.0.7

  lit@3.1.4:
    dependencies:
      '@lit/reactive-element': 2.0.4
      lit-element: 4.0.6
      lit-html: 3.1.4

  motion@10.18.0:
    dependencies:
      '@motionone/animation': 10.18.0
      '@motionone/dom': 10.18.0
      '@motionone/types': 10.17.1
      '@motionone/utils': 10.18.0

  prettier@3.3.2: {}

  tslib@2.6.3: {}

  typescript@5.5.3: {}
